
Microsoft Visual Studio Solution File, Format Version 12.00
# Visual Studio Version 16
VisualStudioVersion = 16.0.29911.84
MinimumVisualStudioVersion = 10.0.40219.1
Project("{FAE04EC0-301F-11D3-BF4B-00C04F79EFBC}") = "ZhihuFormulaConvert", "ZhihuFormulaConvert.csproj", "{BE082AA0-0887-4C9F-97E6-BE6989EA40C2}"
EndProject
Global
	GlobalSection(SolutionConfigurationPlatforms) = preSolution
		Debug|Any CPU = Debug|Any CPU
		Release|Any CPU = Release|Any CPU
	EndGlobalSection
	GlobalSection(ProjectConfigurationPlatforms) = postSolution
		{BE082AA0-0887-4C9F-97E6-BE6989EA40C2}.Debug|Any CPU.ActiveCfg = Debug|Any CPU
		{BE082AA0-0887-4C9F-97E6-BE6989EA40C2}.Debug|Any CPU.Build.0 = Debug|Any CPU
		{BE082AA0-0887-4C9F-97E6-BE6989EA40C2}.Release|Any CPU.ActiveCfg = Release|Any CPU
		{BE082AA0-0887-4C9F-97E6-BE6989EA40C2}.Release|Any CPU.Build.0 = Release|Any CPU
	EndGlobalSection
	GlobalSection(SolutionProperties) = preSolution
		HideSolutionNode = FALSE
	EndGlobalSection
	GlobalSection(ExtensibilityGlobals) = postSolution
		SolutionGuid = {E7712623-7031-4F68-9758-A3DEB9C8AC93}
	EndGlobalSection
EndGlobal
